// !$*UTF8*$!
{
	archiveVersion = 1;
	classes = {
	};
	objectVersion = 55;
	objects = {

/* Begin PBXBuildFile section */
		D349E66E2824717F00EACD33 /* LaunchScreen.storyboard.xml in Resources */ = {isa = PBXBuildFile; fileRef = D349E66C2824717F00EACD33 /* LaunchScreen.storyboard.xml */; };
		D349E670282475B300EACD33 /* Scene.swift in Sources */ = {isa = PBXBuildFile; fileRef = D349E66F282475B300EACD33 /* Scene.swift */; };
		D358B00328246C6D00DDD682 /* CRUD_MVVM.xcdatamodeld in Sources */ = {isa = PBXBuildFile; fileRef = D358B00128246C6D00DDD682 /* CRUD_MVVM.xcdatamodeld */; };
		D3917D1E282BE65C00988F02 /* LoginViewController.swift in Sources */ = {isa = PBXBuildFile; fileRef = D3917D1D282BE65C00988F02 /* LoginViewController.swift */; };
		D3917D20282BE79300988F02 /* LoginViewModel.swift in Sources */ = {isa = PBXBuildFile; fileRef = D3917D1F282BE79300988F02 /* LoginViewModel.swift */; };
		D3917D25282C24F900988F02 /* HomeViewModel.swift in Sources */ = {isa = PBXBuildFile; fileRef = D3917D24282C24F900988F02 /* HomeViewModel.swift */; };
		D3917D27282C250D00988F02 /* HomeViewController.swift in Sources */ = {isa = PBXBuildFile; fileRef = D3917D26282C250D00988F02 /* HomeViewController.swift */; };
		D3917D29282C252200988F02 /* HomeHeaderView.swift in Sources */ = {isa = PBXBuildFile; fileRef = D3917D28282C252200988F02 /* HomeHeaderView.swift */; };
		D3917D2B282C253500988F02 /* HomeTableViewCell.swift in Sources */ = {isa = PBXBuildFile; fileRef = D3917D2A282C253500988F02 /* HomeTableViewCell.swift */; };
		D3927417282553DE0037F3E8 /* RegisterDatePickerTableViewCell.swift in Sources */ = {isa = PBXBuildFile; fileRef = D3927416282553DE0037F3E8 /* RegisterDatePickerTableViewCell.swift */; };
		D3927419282554200037F3E8 /* RegisterPickerTableViewCell.swift in Sources */ = {isa = PBXBuildFile; fileRef = D3927418282554200037F3E8 /* RegisterPickerTableViewCell.swift */; };
		D392741F282582870037F3E8 /* EditDataDatePickerTableViewCell.swift in Sources */ = {isa = PBXBuildFile; fileRef = D392741E282582870037F3E8 /* EditDataDatePickerTableViewCell.swift */; };
		D3927421282582ED0037F3E8 /* EditDataPickerTableViewCell.swift in Sources */ = {isa = PBXBuildFile; fileRef = D3927420282582ED0037F3E8 /* EditDataPickerTableViewCell.swift */; };
		E61FDA482822CA0800252EB7 /* EditDataFooterView.swift in Sources */ = {isa = PBXBuildFile; fileRef = E61FDA472822CA0800252EB7 /* EditDataFooterView.swift */; };
		E61FDA4B2822D15100252EB7 /* EditDataHeaderView.swift in Sources */ = {isa = PBXBuildFile; fileRef = E61FDA4A2822D15100252EB7 /* EditDataHeaderView.swift */; };
		E620192D282977B70080D191 /* Clients+CoreDataClass.swift in Sources */ = {isa = PBXBuildFile; fileRef = E620192B282977B70080D191 /* Clients+CoreDataClass.swift */; };
		E620192E282977B70080D191 /* Clients+CoreDataProperties.swift in Sources */ = {isa = PBXBuildFile; fileRef = E620192C282977B70080D191 /* Clients+CoreDataProperties.swift */; };
		E68B14CC281AA30E00A8F50B /* Colors.swift in Sources */ = {isa = PBXBuildFile; fileRef = E68B14CB281AA30E00A8F50B /* Colors.swift */; };
		E68B14CE281AA51B00A8F50B /* RegisterViewController.swift in Sources */ = {isa = PBXBuildFile; fileRef = E68B14CD281AA51B00A8F50B /* RegisterViewController.swift */; };
		E68B14D3281AA5CF00A8F50B /* RegisterViewModel.swift in Sources */ = {isa = PBXBuildFile; fileRef = E68B14D2281AA5CF00A8F50B /* RegisterViewModel.swift */; };
		E68B14D5281AA66800A8F50B /* RegisterTableViewCell.swift in Sources */ = {isa = PBXBuildFile; fileRef = E68B14D4281AA66800A8F50B /* RegisterTableViewCell.swift */; };
		E68B14D9281AA68C00A8F50B /* RegisterFooterView.swift in Sources */ = {isa = PBXBuildFile; fileRef = E68B14D8281AA68C00A8F50B /* RegisterFooterView.swift */; };
		E68B14DB281AAA6E00A8F50B /* IntroViewModel.swift in Sources */ = {isa = PBXBuildFile; fileRef = E68B14DA281AAA6E00A8F50B /* IntroViewModel.swift */; };
		E68B14DF281AAEE100A8F50B /* ShowDataViewController.swift in Sources */ = {isa = PBXBuildFile; fileRef = E68B14DE281AAEE100A8F50B /* ShowDataViewController.swift */; };
		E68B14E1281AAFD500A8F50B /* ShowDataTableViewCell.swift in Sources */ = {isa = PBXBuildFile; fileRef = E68B14E0281AAFD500A8F50B /* ShowDataTableViewCell.swift */; };
		E68B14E3281AAFE900A8F50B /* ShowDataHeaderView.swift in Sources */ = {isa = PBXBuildFile; fileRef = E68B14E2281AAFE900A8F50B /* ShowDataHeaderView.swift */; };
		E68B14E5281AB7DB00A8F50B /* ShowDataViewModel.swift in Sources */ = {isa = PBXBuildFile; fileRef = E68B14E4281AB7DB00A8F50B /* ShowDataViewModel.swift */; };
		E6B237042821EB45008F206A /* EditDataViewModel.swift in Sources */ = {isa = PBXBuildFile; fileRef = E6B237032821EB45008F206A /* EditDataViewModel.swift */; };
		E6B237062821EB60008F206A /* EditDataViewController.swift in Sources */ = {isa = PBXBuildFile; fileRef = E6B237052821EB60008F206A /* EditDataViewController.swift */; };
		E6B237092821EE9D008F206A /* EditDataTableViewCell.swift in Sources */ = {isa = PBXBuildFile; fileRef = E6B237082821EE9D008F206A /* EditDataTableViewCell.swift */; };
		E6C32C38282430FF00067CE6 /* CoreDataService.swift in Sources */ = {isa = PBXBuildFile; fileRef = E6C32C37282430FF00067CE6 /* CoreDataService.swift */; };
		E6C7CA19281A940200D44104 /* AppDelegate.swift in Sources */ = {isa = PBXBuildFile; fileRef = E6C7CA18281A940200D44104 /* AppDelegate.swift */; };
		E6C7CA1B281A940200D44104 /* SceneDelegate.swift in Sources */ = {isa = PBXBuildFile; fileRef = E6C7CA1A281A940200D44104 /* SceneDelegate.swift */; };
		E6C7CA1D281A940200D44104 /* IntroViewController.swift in Sources */ = {isa = PBXBuildFile; fileRef = E6C7CA1C281A940200D44104 /* IntroViewController.swift */; };
		E6C7CA25281A940200D44104 /* Assets.xcassets in Resources */ = {isa = PBXBuildFile; fileRef = E6C7CA24281A940200D44104 /* Assets.xcassets */; };
		E6C7CA33281A940200D44104 /* CRUD_MVVMTests.swift in Sources */ = {isa = PBXBuildFile; fileRef = E6C7CA32281A940200D44104 /* CRUD_MVVMTests.swift */; };
		E6C7CA3D281A940200D44104 /* CRUD_MVVMUITests.swift in Sources */ = {isa = PBXBuildFile; fileRef = E6C7CA3C281A940200D44104 /* CRUD_MVVMUITests.swift */; };
		E6C7CA3F281A940200D44104 /* CRUD_MVVMUITestsLaunchTests.swift in Sources */ = {isa = PBXBuildFile; fileRef = E6C7CA3E281A940200D44104 /* CRUD_MVVMUITestsLaunchTests.swift */; };
		E6C7CA51281A955700D44104 /* Client.swift in Sources */ = {isa = PBXBuildFile; fileRef = E6C7CA50281A955700D44104 /* Client.swift */; };
/* End PBXBuildFile section */

/* Begin PBXContainerItemProxy section */
		E6C7CA2F281A940200D44104 /* PBXContainerItemProxy */ = {
			isa = PBXContainerItemProxy;
			containerPortal = E6C7CA0D281A940200D44104 /* Project object */;
			proxyType = 1;
			remoteGlobalIDString = E6C7CA14281A940200D44104;
			remoteInfo = "CRUD MVVM";
		};
		E6C7CA39281A940200D44104 /* PBXContainerItemProxy */ = {
			isa = PBXContainerItemProxy;
			containerPortal = E6C7CA0D281A940200D44104 /* Project object */;
			proxyType = 1;
			remoteGlobalIDString = E6C7CA14281A940200D44104;
			remoteInfo = "CRUD MVVM";
		};
/* End PBXContainerItemProxy section */

/* Begin PBXFileReference section */
		D349E66D2824717F00EACD33 /* Base */ = {isa = PBXFileReference; lastKnownFileType = text.xml; name = Base; path = LaunchScreen.storyboard.xml; sourceTree = "<group>"; };
		D349E66F282475B300EACD33 /* Scene.swift */ = {isa = PBXFileReference; lastKnownFileType = sourcecode.swift; path = Scene.swift; sourceTree = "<group>"; };
		D358B00228246C6D00DDD682 /* CRUD_MVVM.xcdatamodel */ = {isa = PBXFileReference; lastKnownFileType = wrapper.xcdatamodel; path = CRUD_MVVM.xcdatamodel; sourceTree = "<group>"; };
		D3917D1D282BE65C00988F02 /* LoginViewController.swift */ = {isa = PBXFileReference; lastKnownFileType = sourcecode.swift; path = LoginViewController.swift; sourceTree = "<group>"; };
		D3917D1F282BE79300988F02 /* LoginViewModel.swift */ = {isa = PBXFileReference; lastKnownFileType = sourcecode.swift; path = LoginViewModel.swift; sourceTree = "<group>"; };
		D3917D24282C24F900988F02 /* HomeViewModel.swift */ = {isa = PBXFileReference; lastKnownFileType = sourcecode.swift; path = HomeViewModel.swift; sourceTree = "<group>"; };
		D3917D26282C250D00988F02 /* HomeViewController.swift */ = {isa = PBXFileReference; lastKnownFileType = sourcecode.swift; path = HomeViewController.swift; sourceTree = "<group>"; };
		D3917D28282C252200988F02 /* HomeHeaderView.swift */ = {isa = PBXFileReference; lastKnownFileType = sourcecode.swift; path = HomeHeaderView.swift; sourceTree = "<group>"; };
		D3917D2A282C253500988F02 /* HomeTableViewCell.swift */ = {isa = PBXFileReference; lastKnownFileType = sourcecode.swift; path = HomeTableViewCell.swift; sourceTree = "<group>"; };
		D3927416282553DE0037F3E8 /* RegisterDatePickerTableViewCell.swift */ = {isa = PBXFileReference; lastKnownFileType = sourcecode.swift; path = RegisterDatePickerTableViewCell.swift; sourceTree = "<group>"; };
		D3927418282554200037F3E8 /* RegisterPickerTableViewCell.swift */ = {isa = PBXFileReference; lastKnownFileType = sourcecode.swift; path = RegisterPickerTableViewCell.swift; sourceTree = "<group>"; };
		D392741E282582870037F3E8 /* EditDataDatePickerTableViewCell.swift */ = {isa = PBXFileReference; lastKnownFileType = sourcecode.swift; path = EditDataDatePickerTableViewCell.swift; sourceTree = "<group>"; };
		D3927420282582ED0037F3E8 /* EditDataPickerTableViewCell.swift */ = {isa = PBXFileReference; lastKnownFileType = sourcecode.swift; path = EditDataPickerTableViewCell.swift; sourceTree = "<group>"; };
		E61FDA472822CA0800252EB7 /* EditDataFooterView.swift */ = {isa = PBXFileReference; lastKnownFileType = sourcecode.swift; path = EditDataFooterView.swift; sourceTree = "<group>"; };
		E61FDA4A2822D15100252EB7 /* EditDataHeaderView.swift */ = {isa = PBXFileReference; lastKnownFileType = sourcecode.swift; path = EditDataHeaderView.swift; sourceTree = "<group>"; };
		E620192B282977B70080D191 /* Clients+CoreDataClass.swift */ = {isa = PBXFileReference; lastKnownFileType = sourcecode.swift; path = "Clients+CoreDataClass.swift"; sourceTree = "<group>"; };
		E620192C282977B70080D191 /* Clients+CoreDataProperties.swift */ = {isa = PBXFileReference; lastKnownFileType = sourcecode.swift; path = "Clients+CoreDataProperties.swift"; sourceTree = "<group>"; };
		E68B14CB281AA30E00A8F50B /* Colors.swift */ = {isa = PBXFileReference; lastKnownFileType = sourcecode.swift; path = Colors.swift; sourceTree = "<group>"; };
		E68B14CD281AA51B00A8F50B /* RegisterViewController.swift */ = {isa = PBXFileReference; lastKnownFileType = sourcecode.swift; path = RegisterViewController.swift; sourceTree = "<group>"; };
		E68B14D2281AA5CF00A8F50B /* RegisterViewModel.swift */ = {isa = PBXFileReference; lastKnownFileType = sourcecode.swift; path = RegisterViewModel.swift; sourceTree = "<group>"; };
		E68B14D4281AA66800A8F50B /* RegisterTableViewCell.swift */ = {isa = PBXFileReference; lastKnownFileType = sourcecode.swift; path = RegisterTableViewCell.swift; sourceTree = "<group>"; };
		E68B14D8281AA68C00A8F50B /* RegisterFooterView.swift */ = {isa = PBXFileReference; lastKnownFileType = sourcecode.swift; path = RegisterFooterView.swift; sourceTree = "<group>"; };
		E68B14DA281AAA6E00A8F50B /* IntroViewModel.swift */ = {isa = PBXFileReference; lastKnownFileType = sourcecode.swift; path = IntroViewModel.swift; sourceTree = "<group>"; };
		E68B14DE281AAEE100A8F50B /* ShowDataViewController.swift */ = {isa = PBXFileReference; lastKnownFileType = sourcecode.swift; path = ShowDataViewController.swift; sourceTree = "<group>"; };
		E68B14E0281AAFD500A8F50B /* ShowDataTableViewCell.swift */ = {isa = PBXFileReference; lastKnownFileType = sourcecode.swift; path = ShowDataTableViewCell.swift; sourceTree = "<group>"; };
		E68B14E2281AAFE900A8F50B /* ShowDataHeaderView.swift */ = {isa = PBXFileReference; lastKnownFileType = sourcecode.swift; path = ShowDataHeaderView.swift; sourceTree = "<group>"; };
		E68B14E4281AB7DB00A8F50B /* ShowDataViewModel.swift */ = {isa = PBXFileReference; lastKnownFileType = sourcecode.swift; path = ShowDataViewModel.swift; sourceTree = "<group>"; };
		E6B237032821EB45008F206A /* EditDataViewModel.swift */ = {isa = PBXFileReference; lastKnownFileType = sourcecode.swift; path = EditDataViewModel.swift; sourceTree = "<group>"; };
		E6B237052821EB60008F206A /* EditDataViewController.swift */ = {isa = PBXFileReference; lastKnownFileType = sourcecode.swift; path = EditDataViewController.swift; sourceTree = "<group>"; };
		E6B237082821EE9D008F206A /* EditDataTableViewCell.swift */ = {isa = PBXFileReference; lastKnownFileType = sourcecode.swift; path = EditDataTableViewCell.swift; sourceTree = "<group>"; };
		E6C32C37282430FF00067CE6 /* CoreDataService.swift */ = {isa = PBXFileReference; lastKnownFileType = sourcecode.swift; path = CoreDataService.swift; sourceTree = "<group>"; };
		E6C7CA15281A940200D44104 /* CRUD MVVM.app */ = {isa = PBXFileReference; explicitFileType = wrapper.application; includeInIndex = 0; path = "CRUD MVVM.app"; sourceTree = BUILT_PRODUCTS_DIR; };
		E6C7CA18281A940200D44104 /* AppDelegate.swift */ = {isa = PBXFileReference; lastKnownFileType = sourcecode.swift; path = AppDelegate.swift; sourceTree = "<group>"; };
		E6C7CA1A281A940200D44104 /* SceneDelegate.swift */ = {isa = PBXFileReference; lastKnownFileType = sourcecode.swift; path = SceneDelegate.swift; sourceTree = "<group>"; };
		E6C7CA1C281A940200D44104 /* IntroViewController.swift */ = {isa = PBXFileReference; lastKnownFileType = sourcecode.swift; path = IntroViewController.swift; sourceTree = "<group>"; };
		E6C7CA24281A940200D44104 /* Assets.xcassets */ = {isa = PBXFileReference; lastKnownFileType = folder.assetcatalog; path = Assets.xcassets; sourceTree = "<group>"; };
		E6C7CA29281A940200D44104 /* Info.plist */ = {isa = PBXFileReference; lastKnownFileType = text.plist.xml; path = Info.plist; sourceTree = "<group>"; };
		E6C7CA2E281A940200D44104 /* CRUD MVVMTests.xctest */ = {isa = PBXFileReference; explicitFileType = wrapper.cfbundle; includeInIndex = 0; path = "CRUD MVVMTests.xctest"; sourceTree = BUILT_PRODUCTS_DIR; };
		E6C7CA32281A940200D44104 /* CRUD_MVVMTests.swift */ = {isa = PBXFileReference; lastKnownFileType = sourcecode.swift; path = CRUD_MVVMTests.swift; sourceTree = "<group>"; };
		E6C7CA38281A940200D44104 /* CRUD MVVMUITests.xctest */ = {isa = PBXFileReference; explicitFileType = wrapper.cfbundle; includeInIndex = 0; path = "CRUD MVVMUITests.xctest"; sourceTree = BUILT_PRODUCTS_DIR; };
		E6C7CA3C281A940200D44104 /* CRUD_MVVMUITests.swift */ = {isa = PBXFileReference; lastKnownFileType = sourcecode.swift; path = CRUD_MVVMUITests.swift; sourceTree = "<group>"; };
		E6C7CA3E281A940200D44104 /* CRUD_MVVMUITestsLaunchTests.swift */ = {isa = PBXFileReference; lastKnownFileType = sourcecode.swift; path = CRUD_MVVMUITestsLaunchTests.swift; sourceTree = "<group>"; };
		E6C7CA50281A955700D44104 /* Client.swift */ = {isa = PBXFileReference; lastKnownFileType = sourcecode.swift; path = Client.swift; sourceTree = "<group>"; };
/* End PBXFileReference section */

/* Begin PBXFrameworksBuildPhase section */
		E6C7CA12281A940200D44104 /* Frameworks */ = {
			isa = PBXFrameworksBuildPhase;
			buildActionMask = 2147483647;
			files = (
			);
			runOnlyForDeploymentPostprocessing = 0;
		};
		E6C7CA2B281A940200D44104 /* Frameworks */ = {
			isa = PBXFrameworksBuildPhase;
			buildActionMask = 2147483647;
			files = (
			);
			runOnlyForDeploymentPostprocessing = 0;
		};
		E6C7CA35281A940200D44104 /* Frameworks */ = {
			isa = PBXFrameworksBuildPhase;
			buildActionMask = 2147483647;
			files = (
			);
			runOnlyForDeploymentPostprocessing = 0;
		};
/* End PBXFrameworksBuildPhase section */

/* Begin PBXGroup section */
		D349E66A2824715000EACD33 /* Config */ = {
			isa = PBXGroup;
			children = (
				E6C7CA1A281A940200D44104 /* SceneDelegate.swift */,
				E6C7CA18281A940200D44104 /* AppDelegate.swift */,
			);
			path = Config;
			sourceTree = "<group>";
		};
		D349E66B2824717F00EACD33 /* Base.lproj */ = {
			isa = PBXGroup;
			children = (
				D349E66C2824717F00EACD33 /* LaunchScreen.storyboard.xml */,
			);
			path = Base.lproj;
			sourceTree = "<group>";
		};
		D3917D1C282BE64900988F02 /* Login */ = {
			isa = PBXGroup;
			children = (
				D3917D1F282BE79300988F02 /* LoginViewModel.swift */,
				D3917D1D282BE65C00988F02 /* LoginViewController.swift */,
			);
			path = Login;
			sourceTree = "<group>";
		};
		D3917D21282C24E100988F02 /* Home */ = {
			isa = PBXGroup;
			children = (
				D3917D23282C24ED00988F02 /* Header */,
				D3917D22282C24E600988F02 /* Cell */,
				D3917D24282C24F900988F02 /* HomeViewModel.swift */,
				D3917D26282C250D00988F02 /* HomeViewController.swift */,
			);
			path = Home;
			sourceTree = "<group>";
		};
		D3917D22282C24E600988F02 /* Cell */ = {
			isa = PBXGroup;
			children = (
				D3917D2A282C253500988F02 /* HomeTableViewCell.swift */,
			);
			path = Cell;
			sourceTree = "<group>";
		};
		D3917D23282C24ED00988F02 /* Header */ = {
			isa = PBXGroup;
			children = (
				D3917D28282C252200988F02 /* HomeHeaderView.swift */,
			);
			path = Header;
			sourceTree = "<group>";
		};
		E61FDA462822C9EF00252EB7 /* Footer */ = {
			isa = PBXGroup;
			children = (
				E61FDA472822CA0800252EB7 /* EditDataFooterView.swift */,
			);
			path = Footer;
			sourceTree = "<group>";
		};
		E61FDA492822D13A00252EB7 /* Header */ = {
			isa = PBXGroup;
			children = (
				E61FDA4A2822D15100252EB7 /* EditDataHeaderView.swift */,
			);
			path = Header;
			sourceTree = "<group>";
		};
		E6832F7D2821814F009BCC19 /* Scene */ = {
			isa = PBXGroup;
			children = (
				D3917D21282C24E100988F02 /* Home */,
				D3917D1C282BE64900988F02 /* Login */,
				E6B237022821EB22008F206A /* EditData */,
				E6832F802821816E009BCC19 /* ShowData */,
				E6832F7F28218165009BCC19 /* Register */,
				E6832F7E2821815B009BCC19 /* Intro */,
			);
			path = Scene;
			sourceTree = "<group>";
		};
		E6832F7E2821815B009BCC19 /* Intro */ = {
			isa = PBXGroup;
			children = (
				E68B14DA281AAA6E00A8F50B /* IntroViewModel.swift */,
				E6C7CA1C281A940200D44104 /* IntroViewController.swift */,
			);
			path = Intro;
			sourceTree = "<group>";
		};
		E6832F7F28218165009BCC19 /* Register */ = {
			isa = PBXGroup;
			children = (
				E6832F84282181EA009BCC19 /* Footer */,
				E6832F83282181DC009BCC19 /* Cell */,
				E68B14D2281AA5CF00A8F50B /* RegisterViewModel.swift */,
				E68B14CD281AA51B00A8F50B /* RegisterViewController.swift */,
			);
			path = Register;
			sourceTree = "<group>";
		};
		E6832F802821816E009BCC19 /* ShowData */ = {
			isa = PBXGroup;
			children = (
				E6832F82282181CC009BCC19 /* Header */,
				E6832F81282181C1009BCC19 /* Cell */,
				E68B14DE281AAEE100A8F50B /* ShowDataViewController.swift */,
				E68B14E4281AB7DB00A8F50B /* ShowDataViewModel.swift */,
			);
			path = ShowData;
			sourceTree = "<group>";
		};
		E6832F81282181C1009BCC19 /* Cell */ = {
			isa = PBXGroup;
			children = (
				E68B14E0281AAFD500A8F50B /* ShowDataTableViewCell.swift */,
			);
			name = Cell;
			sourceTree = "<group>";
		};
		E6832F82282181CC009BCC19 /* Header */ = {
			isa = PBXGroup;
			children = (
				E68B14E2281AAFE900A8F50B /* ShowDataHeaderView.swift */,
			);
			name = Header;
			sourceTree = "<group>";
		};
		E6832F83282181DC009BCC19 /* Cell */ = {
			isa = PBXGroup;
			children = (
				E68B14D4281AA66800A8F50B /* RegisterTableViewCell.swift */,
				D3927416282553DE0037F3E8 /* RegisterDatePickerTableViewCell.swift */,
				D3927418282554200037F3E8 /* RegisterPickerTableViewCell.swift */,
			);
			path = Cell;
			sourceTree = "<group>";
		};
		E6832F84282181EA009BCC19 /* Footer */ = {
			isa = PBXGroup;
			children = (
				E68B14D8281AA68C00A8F50B /* RegisterFooterView.swift */,
			);
			path = Footer;
			sourceTree = "<group>";
		};
		E68B14CA281AA2FF00A8F50B /* Utils */ = {
			isa = PBXGroup;
			children = (
				E68B14CB281AA30E00A8F50B /* Colors.swift */,
			);
			path = Utils;
			sourceTree = "<group>";
		};
		E690833E2820784A0006B26D /* Service */ = {
			isa = PBXGroup;
			children = (
				E6C32C37282430FF00067CE6 /* CoreDataService.swift */,
			);
			path = Service;
			sourceTree = "<group>";
		};
		E6B237022821EB22008F206A /* EditData */ = {
			isa = PBXGroup;
			children = (
				E61FDA492822D13A00252EB7 /* Header */,
				E61FDA462822C9EF00252EB7 /* Footer */,
				E6B237072821EE76008F206A /* Cell */,
				E6B237032821EB45008F206A /* EditDataViewModel.swift */,
				E6B237052821EB60008F206A /* EditDataViewController.swift */,
			);
			path = EditData;
			sourceTree = "<group>";
		};
		E6B237072821EE76008F206A /* Cell */ = {
			isa = PBXGroup;
			children = (
				E6B237082821EE9D008F206A /* EditDataTableViewCell.swift */,
				D392741E282582870037F3E8 /* EditDataDatePickerTableViewCell.swift */,
				D3927420282582ED0037F3E8 /* EditDataPickerTableViewCell.swift */,
			);
			path = Cell;
			sourceTree = "<group>";
		};
		E6C7CA0C281A940200D44104 = {
			isa = PBXGroup;
			children = (
				E6C7CA17281A940200D44104 /* CRUD MVVM */,
				E6C7CA16281A940200D44104 /* Products */,
			);
			sourceTree = "<group>";
		};
		E6C7CA16281A940200D44104 /* Products */ = {
			isa = PBXGroup;
			children = (
				E6C7CA15281A940200D44104 /* CRUD MVVM.app */,
				E6C7CA2E281A940200D44104 /* CRUD MVVMTests.xctest */,
				E6C7CA38281A940200D44104 /* CRUD MVVMUITests.xctest */,
			);
			name = Products;
			sourceTree = "<group>";
		};
		E6C7CA17281A940200D44104 /* CRUD MVVM */ = {
			isa = PBXGroup;
			children = (
				D349E66B2824717F00EACD33 /* Base.lproj */,
				D349E66A2824715000EACD33 /* Config */,
				E6C7CA24281A940200D44104 /* Assets.xcassets */,
				E6C7CA29281A940200D44104 /* Info.plist */,
				E6C7CA4D281A94BE00D44104 /* Model */,
				E6832F7D2821814F009BCC19 /* Scene */,
				E690833E2820784A0006B26D /* Service */,
				E68B14CA281AA2FF00A8F50B /* Utils */,
				E6C7CA4E281A94D100D44104 /* CoreData */,
				E6C7CA31281A940200D44104 /* CRUD MVVMTests */,
				E6C7CA3B281A940200D44104 /* CRUD MVVMUITests */,
			);
			path = "CRUD MVVM";
			sourceTree = "<group>";
		};
		E6C7CA31281A940200D44104 /* CRUD MVVMTests */ = {
			isa = PBXGroup;
			children = (
				E6C7CA32281A940200D44104 /* CRUD_MVVMTests.swift */,
			);
			path = "CRUD MVVMTests";
			sourceTree = "<group>";
		};
		E6C7CA3B281A940200D44104 /* CRUD MVVMUITests */ = {
			isa = PBXGroup;
			children = (
				E6C7CA3C281A940200D44104 /* CRUD_MVVMUITests.swift */,
				E6C7CA3E281A940200D44104 /* CRUD_MVVMUITestsLaunchTests.swift */,
			);
			path = "CRUD MVVMUITests";
			sourceTree = "<group>";
		};
		E6C7CA4D281A94BE00D44104 /* Model */ = {
			isa = PBXGroup;
			children = (
				E6C7CA50281A955700D44104 /* Client.swift */,
				D349E66F282475B300EACD33 /* Scene.swift */,
			);
			path = Model;
			sourceTree = "<group>";
		};
		E6C7CA4E281A94D100D44104 /* CoreData */ = {
			isa = PBXGroup;
			children = (
				E620192B282977B70080D191 /* Clients+CoreDataClass.swift */,
				E620192C282977B70080D191 /* Clients+CoreDataProperties.swift */,
				D358B00128246C6D00DDD682 /* CRUD_MVVM.xcdatamodeld */,
			);
			path = CoreData;
			sourceTree = "<group>";
		};
/* End PBXGroup section */

/* Begin PBXNativeTarget section */
		E6C7CA14281A940200D44104 /* CRUD MVVM */ = {
			isa = PBXNativeTarget;
			buildConfigurationList = E6C7CA42281A940200D44104 /* Build configuration list for PBXNativeTarget "CRUD MVVM" */;
			buildPhases = (
				E6C7CA11281A940200D44104 /* Sources */,
				E6C7CA12281A940200D44104 /* Frameworks */,
				E6C7CA13281A940200D44104 /* Resources */,
			);
			buildRules = (
			);
			dependencies = (
			);
			name = "CRUD MVVM";
			productName = "CRUD MVVM";
			productReference = E6C7CA15281A940200D44104 /* CRUD MVVM.app */;
			productType = "com.apple.product-type.application";
		};
		E6C7CA2D281A940200D44104 /* CRUD MVVMTests */ = {
			isa = PBXNativeTarget;
			buildConfigurationList = E6C7CA45281A940200D44104 /* Build configuration list for PBXNativeTarget "CRUD MVVMTests" */;
			buildPhases = (
				E6C7CA2A281A940200D44104 /* Sources */,
				E6C7CA2B281A940200D44104 /* Frameworks */,
				E6C7CA2C281A940200D44104 /* Resources */,
			);
			buildRules = (
			);
			dependencies = (
				E6C7CA30281A940200D44104 /* PBXTargetDependency */,
			);
			name = "CRUD MVVMTests";
			productName = "CRUD MVVMTests";
			productReference = E6C7CA2E281A940200D44104 /* CRUD MVVMTests.xctest */;
			productType = "com.apple.product-type.bundle.unit-test";
		};
		E6C7CA37281A940200D44104 /* CRUD MVVMUITests */ = {
			isa = PBXNativeTarget;
			buildConfigurationList = E6C7CA48281A940200D44104 /* Build configuration list for PBXNativeTarget "CRUD MVVMUITests" */;
			buildPhases = (
				E6C7CA34281A940200D44104 /* Sources */,
				E6C7CA35281A940200D44104 /* Frameworks */,
				E6C7CA36281A940200D44104 /* Resources */,
			);
			buildRules = (
			);
			dependencies = (
				E6C7CA3A281A940200D44104 /* PBXTargetDependency */,
			);
			name = "CRUD MVVMUITests";
			productName = "CRUD MVVMUITests";
			productReference = E6C7CA38281A940200D44104 /* CRUD MVVMUITests.xctest */;
			productType = "com.apple.product-type.bundle.ui-testing";
		};
/* End PBXNativeTarget section */

/* Begin PBXProject section */
		E6C7CA0D281A940200D44104 /* Project object */ = {
			isa = PBXProject;
			attributes = {
				BuildIndependentTargetsInParallel = 1;
				LastSwiftUpdateCheck = 1330;
				LastUpgradeCheck = 1330;
				TargetAttributes = {
					E6C7CA14281A940200D44104 = {
						CreatedOnToolsVersion = 13.3.1;
					};
					E6C7CA2D281A940200D44104 = {
						CreatedOnToolsVersion = 13.3.1;
						TestTargetID = E6C7CA14281A940200D44104;
					};
					E6C7CA37281A940200D44104 = {
						CreatedOnToolsVersion = 13.3.1;
						TestTargetID = E6C7CA14281A940200D44104;
					};
				};
			};
			buildConfigurationList = E6C7CA10281A940200D44104 /* Build configuration list for PBXProject "CRUD MVVM" */;
			compatibilityVersion = "Xcode 13.0";
			developmentRegion = en;
			hasScannedForEncodings = 0;
			knownRegions = (
				en,
				Base,
			);
			mainGroup = E6C7CA0C281A940200D44104;
			productRefGroup = E6C7CA16281A940200D44104 /* Products */;
			projectDirPath = "";
			projectRoot = "";
			targets = (
				E6C7CA14281A940200D44104 /* CRUD MVVM */,
				E6C7CA2D281A940200D44104 /* CRUD MVVMTests */,
				E6C7CA37281A940200D44104 /* CRUD MVVMUITests */,
			);
		};
/* End PBXProject section */

/* Begin PBXResourcesBuildPhase section */
		E6C7CA13281A940200D44104 /* Resources */ = {
			isa = PBXResourcesBuildPhase;
			buildActionMask = 2147483647;
			files = (
				D349E66E2824717F00EACD33 /* LaunchScreen.storyboard.xml in Resources */,
				E6C7CA25281A940200D44104 /* Assets.xcassets in Resources */,
			);
			runOnlyForDeploymentPostprocessing = 0;
		};
		E6C7CA2C281A940200D44104 /* Resources */ = {
			isa = PBXResourcesBuildPhase;
			buildActionMask = 2147483647;
			files = (
			);
			runOnlyForDeploymentPostprocessing = 0;
		};
		E6C7CA36281A940200D44104 /* Resources */ = {
			isa = PBXResourcesBuildPhase;
			buildActionMask = 2147483647;
			files = (
			);
			runOnlyForDeploymentPostprocessing = 0;
		};
/* End PBXResourcesBuildPhase section */

/* Begin PBXSourcesBuildPhase section */
		E6C7CA11281A940200D44104 /* Sources */ = {
			isa = PBXSourcesBuildPhase;
			buildActionMask = 2147483647;
			files = (
				E68B14CE281AA51B00A8F50B /* RegisterViewController.swift in Sources */,
				E61FDA4B2822D15100252EB7 /* EditDataHeaderView.swift in Sources */,
				D3927419282554200037F3E8 /* RegisterPickerTableViewCell.swift in Sources */,
				D349E670282475B300EACD33 /* Scene.swift in Sources */,
				E68B14D3281AA5CF00A8F50B /* RegisterViewModel.swift in Sources */,
				D3917D1E282BE65C00988F02 /* LoginViewController.swift in Sources */,
				D3917D29282C252200988F02 /* HomeHeaderView.swift in Sources */,
				E68B14E3281AAFE900A8F50B /* ShowDataHeaderView.swift in Sources */,
				E68B14E5281AB7DB00A8F50B /* ShowDataViewModel.swift in Sources */,
				D3917D20282BE79300988F02 /* LoginViewModel.swift in Sources */,
				E620192D282977B70080D191 /* Clients+CoreDataClass.swift in Sources */,
				E61FDA482822CA0800252EB7 /* EditDataFooterView.swift in Sources */,
				E6B237042821EB45008F206A /* EditDataViewModel.swift in Sources */,
				E6C7CA1D281A940200D44104 /* IntroViewController.swift in Sources */,
				E68B14DB281AAA6E00A8F50B /* IntroViewModel.swift in Sources */,
				D3927421282582ED0037F3E8 /* EditDataPickerTableViewCell.swift in Sources */,
				D3927417282553DE0037F3E8 /* RegisterDatePickerTableViewCell.swift in Sources */,
				E68B14D9281AA68C00A8F50B /* RegisterFooterView.swift in Sources */,
				E68B14CC281AA30E00A8F50B /* Colors.swift in Sources */,
				E6B237092821EE9D008F206A /* EditDataTableViewCell.swift in Sources */,
				E6C7CA19281A940200D44104 /* AppDelegate.swift in Sources */,
				E68B14D5281AA66800A8F50B /* RegisterTableViewCell.swift in Sources */,
				E6C7CA51281A955700D44104 /* Client.swift in Sources */,
				D358B00328246C6D00DDD682 /* CRUD_MVVM.xcdatamodeld in Sources */,
				D392741F282582870037F3E8 /* EditDataDatePickerTableViewCell.swift in Sources */,
				E68B14E1281AAFD500A8F50B /* ShowDataTableViewCell.swift in Sources */,
				E6B237062821EB60008F206A /* EditDataViewController.swift in Sources */,
				E6C7CA1B281A940200D44104 /* SceneDelegate.swift in Sources */,
				D3917D27282C250D00988F02 /* HomeViewController.swift in Sources */,
				E6C32C38282430FF00067CE6 /* CoreDataService.swift in Sources */,
				E620192E282977B70080D191 /* Clients+CoreDataProperties.swift in Sources */,
				D3917D25282C24F900988F02 /* HomeViewModel.swift in Sources */,
				D3917D2B282C253500988F02 /* HomeTableViewCell.swift in Sources */,
				E68B14DF281AAEE100A8F50B /* ShowDataViewController.swift in Sources */,
			);
			runOnlyForDeploymentPostprocessing = 0;
		};
		E6C7CA2A281A940200D44104 /* Sources */ = {
			isa = PBXSourcesBuildPhase;
			buildActionMask = 2147483647;
			files = (
				E6C7CA33281A940200D44104 /* CRUD_MVVMTests.swift in Sources */,
			);
			runOnlyForDeploymentPostprocessing = 0;
		};
		E6C7CA34281A940200D44104 /* Sources */ = {
			isa = PBXSourcesBuildPhase;
			buildActionMask = 2147483647;
			files = (
				E6C7CA3F281A940200D44104 /* CRUD_MVVMUITestsLaunchTests.swift in Sources */,
				E6C7CA3D281A940200D44104 /* CRUD_MVVMUITests.swift in Sources */,
			);
			runOnlyForDeploymentPostprocessing = 0;
		};
/* End PBXSourcesBuildPhase section */

/* Begin PBXTargetDependency section */
		E6C7CA30281A940200D44104 /* PBXTargetDependency */ = {
			isa = PBXTargetDependency;
			target = E6C7CA14281A940200D44104 /* CRUD MVVM */;
			targetProxy = E6C7CA2F281A940200D44104 /* PBXContainerItemProxy */;
		};
		E6C7CA3A281A940200D44104 /* PBXTargetDependency */ = {
			isa = PBXTargetDependency;
			target = E6C7CA14281A940200D44104 /* CRUD MVVM */;
			targetProxy = E6C7CA39281A940200D44104 /* PBXContainerItemProxy */;
		};
/* End PBXTargetDependency section */

/* Begin PBXVariantGroup section */
		D349E66C2824717F00EACD33 /* LaunchScreen.storyboard.xml */ = {
			isa = PBXVariantGroup;
			children = (
				D349E66D2824717F00EACD33 /* Base */,
			);
			name = LaunchScreen.storyboard.xml;
			sourceTree = "<group>";
		};
/* End PBXVariantGroup section */

/* Begin XCBuildConfiguration section */
		E6C7CA40281A940200D44104 /* Debug */ = {
			isa = XCBuildConfiguration;
			buildSettings = {
				ALWAYS_SEARCH_USER_PATHS = NO;
				CLANG_ANALYZER_NONNULL = YES;
				CLANG_ANALYZER_NUMBER_OBJECT_CONVERSION = YES_AGGRESSIVE;
				CLANG_CXX_LANGUAGE_STANDARD = "gnu++17";
				CLANG_ENABLE_MODULES = YES;
				CLANG_ENABLE_OBJC_ARC = YES;
				CLANG_ENABLE_OBJC_WEAK = YES;
				CLANG_WARN_BLOCK_CAPTURE_AUTORELEASING = YES;
				CLANG_WARN_BOOL_CONVERSION = YES;
				CLANG_WARN_COMMA = YES;
				CLANG_WARN_CONSTANT_CONVERSION = YES;
				CLANG_WARN_DEPRECATED_OBJC_IMPLEMENTATIONS = YES;
				CLANG_WARN_DIRECT_OBJC_ISA_USAGE = YES_ERROR;
				CLANG_WARN_DOCUMENTATION_COMMENTS = YES;
				CLANG_WARN_EMPTY_BODY = YES;
				CLANG_WARN_ENUM_CONVERSION = YES;
				CLANG_WARN_INFINITE_RECURSION = YES;
				CLANG_WARN_INT_CONVERSION = YES;
				CLANG_WARN_NON_LITERAL_NULL_CONVERSION = YES;
				CLANG_WARN_OBJC_IMPLICIT_RETAIN_SELF = YES;
				CLANG_WARN_OBJC_LITERAL_CONVERSION = YES;
				CLANG_WARN_OBJC_ROOT_CLASS = YES_ERROR;
				CLANG_WARN_QUOTED_INCLUDE_IN_FRAMEWORK_HEADER = YES;
				CLANG_WARN_RANGE_LOOP_ANALYSIS = YES;
				CLANG_WARN_STRICT_PROTOTYPES = YES;
				CLANG_WARN_SUSPICIOUS_MOVE = YES;
				CLANG_WARN_UNGUARDED_AVAILABILITY = YES_AGGRESSIVE;
				CLANG_WARN_UNREACHABLE_CODE = YES;
				CLANG_WARN__DUPLICATE_METHOD_MATCH = YES;
				COPY_PHASE_STRIP = NO;
				DEBUG_INFORMATION_FORMAT = dwarf;
				ENABLE_STRICT_OBJC_MSGSEND = YES;
				ENABLE_TESTABILITY = YES;
				GCC_C_LANGUAGE_STANDARD = gnu11;
				GCC_DYNAMIC_NO_PIC = NO;
				GCC_NO_COMMON_BLOCKS = YES;
				GCC_OPTIMIZATION_LEVEL = 0;
				GCC_PREPROCESSOR_DEFINITIONS = (
					"DEBUG=1",
					"$(inherited)",
				);
				GCC_WARN_64_TO_32_BIT_CONVERSION = YES;
				GCC_WARN_ABOUT_RETURN_TYPE = YES_ERROR;
				GCC_WARN_UNDECLARED_SELECTOR = YES;
				GCC_WARN_UNINITIALIZED_AUTOS = YES_AGGRESSIVE;
				GCC_WARN_UNUSED_FUNCTION = YES;
				GCC_WARN_UNUSED_VARIABLE = YES;
				IPHONEOS_DEPLOYMENT_TARGET = 15.4;
				MTL_ENABLE_DEBUG_INFO = INCLUDE_SOURCE;
				MTL_FAST_MATH = YES;
				ONLY_ACTIVE_ARCH = YES;
				SDKROOT = iphoneos;
				SWIFT_ACTIVE_COMPILATION_CONDITIONS = DEBUG;
				SWIFT_OPTIMIZATION_LEVEL = "-Onone";
			};
			name = Debug;
		};
		E6C7CA41281A940200D44104 /* Release */ = {
			isa = XCBuildConfiguration;
			buildSettings = {
				ALWAYS_SEARCH_USER_PATHS = NO;
				CLANG_ANALYZER_NONNULL = YES;
				CLANG_ANALYZER_NUMBER_OBJECT_CONVERSION = YES_AGGRESSIVE;
				CLANG_CXX_LANGUAGE_STANDARD = "gnu++17";
				CLANG_ENABLE_MODULES = YES;
				CLANG_ENABLE_OBJC_ARC = YES;
				CLANG_ENABLE_OBJC_WEAK = YES;
				CLANG_WARN_BLOCK_CAPTURE_AUTORELEASING = YES;
				CLANG_WARN_BOOL_CONVERSION = YES;
				CLANG_WARN_COMMA = YES;
				CLANG_WARN_CONSTANT_CONVERSION = YES;
				CLANG_WARN_DEPRECATED_OBJC_IMPLEMENTATIONS = YES;
				CLANG_WARN_DIRECT_OBJC_ISA_USAGE = YES_ERROR;
				CLANG_WARN_DOCUMENTATION_COMMENTS = YES;
				CLANG_WARN_EMPTY_BODY = YES;
				CLANG_WARN_ENUM_CONVERSION = YES;
				CLANG_WARN_INFINITE_RECURSION = YES;
				CLANG_WARN_INT_CONVERSION = YES;
				CLANG_WARN_NON_LITERAL_NULL_CONVERSION = YES;
				CLANG_WARN_OBJC_IMPLICIT_RETAIN_SELF = YES;
				CLANG_WARN_OBJC_LITERAL_CONVERSION = YES;
				CLANG_WARN_OBJC_ROOT_CLASS = YES_ERROR;
				CLANG_WARN_QUOTED_INCLUDE_IN_FRAMEWORK_HEADER = YES;
				CLANG_WARN_RANGE_LOOP_ANALYSIS = YES;
				CLANG_WARN_STRICT_PROTOTYPES = YES;
				CLANG_WARN_SUSPICIOUS_MOVE = YES;
				CLANG_WARN_UNGUARDED_AVAILABILITY = YES_AGGRESSIVE;
				CLANG_WARN_UNREACHABLE_CODE = YES;
				CLANG_WARN__DUPLICATE_METHOD_MATCH = YES;
				COPY_PHASE_STRIP = NO;
				DEBUG_INFORMATION_FORMAT = "dwarf-with-dsym";
				ENABLE_NS_ASSERTIONS = NO;
				ENABLE_STRICT_OBJC_MSGSEND = YES;
				GCC_C_LANGUAGE_STANDARD = gnu11;
				GCC_NO_COMMON_BLOCKS = YES;
				GCC_WARN_64_TO_32_BIT_CONVERSION = YES;
				GCC_WARN_ABOUT_RETURN_TYPE = YES_ERROR;
				GCC_WARN_UNDECLARED_SELECTOR = YES;
				GCC_WARN_UNINITIALIZED_AUTOS = YES_AGGRESSIVE;
				GCC_WARN_UNUSED_FUNCTION = YES;
				GCC_WARN_UNUSED_VARIABLE = YES;
				IPHONEOS_DEPLOYMENT_TARGET = 15.4;
				MTL_ENABLE_DEBUG_INFO = NO;
				MTL_FAST_MATH = YES;
				SDKROOT = iphoneos;
				SWIFT_COMPILATION_MODE = wholemodule;
				SWIFT_OPTIMIZATION_LEVEL = "-O";
				VALIDATE_PRODUCT = YES;
			};
			name = Release;
		};
		E6C7CA43281A940200D44104 /* Debug */ = {
			isa = XCBuildConfiguration;
			buildSettings = {
				ASSETCATALOG_COMPILER_APPICON_NAME = AppIcon;
				ASSETCATALOG_COMPILER_GLOBAL_ACCENT_COLOR_NAME = AccentColor;
				CODE_SIGN_STYLE = Automatic;
				CURRENT_PROJECT_VERSION = 1;
				DEVELOPMENT_TEAM = 9SA3K3W4PF;
				GENERATE_INFOPLIST_FILE = YES;
				INFOPLIST_FILE = "CRUD MVVM/Info.plist";
				INFOPLIST_KEY_UIApplicationSupportsIndirectInputEvents = YES;
				INFOPLIST_KEY_UILaunchStoryboardName = LaunchScreen;
				INFOPLIST_KEY_UISupportedInterfaceOrientations_iPad = "UIInterfaceOrientationPortrait UIInterfaceOrientationPortraitUpsideDown UIInterfaceOrientationLandscapeLeft UIInterfaceOrientationLandscapeRight";
				INFOPLIST_KEY_UISupportedInterfaceOrientations_iPhone = "UIInterfaceOrientationPortrait UIInterfaceOrientationLandscapeLeft UIInterfaceOrientationLandscapeRight";
				LD_RUNPATH_SEARCH_PATHS = (
					"$(inherited)",
					"@executable_path/Frameworks",
				);
				MARKETING_VERSION = 1.0;
				PRODUCT_BUNDLE_IDENTIFIER = "Projeto-Crud.CRUD-MVVM";
				PRODUCT_NAME = "$(TARGET_NAME)";
				SWIFT_EMIT_LOC_STRINGS = YES;
				SWIFT_VERSION = 5.0;
				TARGETED_DEVICE_FAMILY = "1,2";
			};
			name = Debug;
		};
		E6C7CA44281A940200D44104 /* Release */ = {
			isa = XCBuildConfiguration;
			buildSettings = {
				ASSETCATALOG_COMPILER_APPICON_NAME = AppIcon;
				ASSETCATALOG_COMPILER_GLOBAL_ACCENT_COLOR_NAME = AccentColor;
				CODE_SIGN_STYLE = Automatic;
				CURRENT_PROJECT_VERSION = 1;
				DEVELOPMENT_TEAM = 9SA3K3W4PF;
				GENERATE_INFOPLIST_FILE = YES;
				INFOPLIST_FILE = "CRUD MVVM/Info.plist";
				INFOPLIST_KEY_UIApplicationSupportsIndirectInputEvents = YES;
				INFOPLIST_KEY_UILaunchStoryboardName = LaunchScreen;
				INFOPLIST_KEY_UISupportedInterfaceOrientations_iPad = "UIInterfaceOrientationPortrait UIInterfaceOrientationPortraitUpsideDown UIInterfaceOrientationLandscapeLeft UIInterfaceOrientationLandscapeRight";
				INFOPLIST_KEY_UISupportedInterfaceOrientations_iPhone = "UIInterfaceOrientationPortrait UIInterfaceOrientationLandscapeLeft UIInterfaceOrientationLandscapeRight";
				LD_RUNPATH_SEARCH_PATHS = (
					"$(inherited)",
					"@executable_path/Frameworks",
				);
				MARKETING_VERSION = 1.0;
				PRODUCT_BUNDLE_IDENTIFIER = "Projeto-Crud.CRUD-MVVM";
				PRODUCT_NAME = "$(TARGET_NAME)";
				SWIFT_EMIT_LOC_STRINGS = YES;
				SWIFT_VERSION = 5.0;
				TARGETED_DEVICE_FAMILY = "1,2";
			};
			name = Release;
		};
		E6C7CA46281A940200D44104 /* Debug */ = {
			isa = XCBuildConfiguration;
			buildSettings = {
				ALWAYS_EMBED_SWIFT_STANDARD_LIBRARIES = YES;
				BUNDLE_LOADER = "$(TEST_HOST)";
				CODE_SIGN_STYLE = Automatic;
				CURRENT_PROJECT_VERSION = 1;
				DEVELOPMENT_TEAM = 9SA3K3W4PF;
				GENERATE_INFOPLIST_FILE = YES;
				IPHONEOS_DEPLOYMENT_TARGET = 15.4;
				MARKETING_VERSION = 1.0;
				PRODUCT_BUNDLE_IDENTIFIER = "Projeto-Crud.CRUD-MVVMTests";
				PRODUCT_NAME = "$(TARGET_NAME)";
				SWIFT_EMIT_LOC_STRINGS = NO;
				SWIFT_VERSION = 5.0;
				TARGETED_DEVICE_FAMILY = "1,2";
				TEST_HOST = "$(BUILT_PRODUCTS_DIR)/CRUD MVVM.app/CRUD MVVM";
			};
			name = Debug;
		};
		E6C7CA47281A940200D44104 /* Release */ = {
			isa = XCBuildConfiguration;
			buildSettings = {
				ALWAYS_EMBED_SWIFT_STANDARD_LIBRARIES = YES;
				BUNDLE_LOADER = "$(TEST_HOST)";
				CODE_SIGN_STYLE = Automatic;
				CURRENT_PROJECT_VERSION = 1;
				DEVELOPMENT_TEAM = 9SA3K3W4PF;
				GENERATE_INFOPLIST_FILE = YES;
				IPHONEOS_DEPLOYMENT_TARGET = 15.4;
				MARKETING_VERSION = 1.0;
				PRODUCT_BUNDLE_IDENTIFIER = "Projeto-Crud.CRUD-MVVMTests";
				PRODUCT_NAME = "$(TARGET_NAME)";
				SWIFT_EMIT_LOC_STRINGS = NO;
				SWIFT_VERSION = 5.0;
				TARGETED_DEVICE_FAMILY = "1,2";
				TEST_HOST = "$(BUILT_PRODUCTS_DIR)/CRUD MVVM.app/CRUD MVVM";
			};
			name = Release;
		};
		E6C7CA49281A940200D44104 /* Debug */ = {
			isa = XCBuildConfiguration;
			buildSettings = {
				ALWAYS_EMBED_SWIFT_STANDARD_LIBRARIES = YES;
				CODE_SIGN_STYLE = Automatic;
				CURRENT_PROJECT_VERSION = 1;
				DEVELOPMENT_TEAM = 9SA3K3W4PF;
				GENERATE_INFOPLIST_FILE = YES;
				MARKETING_VERSION = 1.0;
				PRODUCT_BUNDLE_IDENTIFIER = "Projeto-Crud.CRUD-MVVMUITests";
				PRODUCT_NAME = "$(TARGET_NAME)";
				SWIFT_EMIT_LOC_STRINGS = NO;
				SWIFT_VERSION = 5.0;
				TARGETED_DEVICE_FAMILY = "1,2";
				TEST_TARGET_NAME = "CRUD MVVM";
			};
			name = Debug;
		};
		E6C7CA4A281A940200D44104 /* Release */ = {
			isa = XCBuildConfiguration;
			buildSettings = {
				ALWAYS_EMBED_SWIFT_STANDARD_LIBRARIES = YES;
				CODE_SIGN_STYLE = Automatic;
				CURRENT_PROJECT_VERSION = 1;
				DEVELOPMENT_TEAM = 9SA3K3W4PF;
				GENERATE_INFOPLIST_FILE = YES;
				MARKETING_VERSION = 1.0;
				PRODUCT_BUNDLE_IDENTIFIER = "Projeto-Crud.CRUD-MVVMUITests";
				PRODUCT_NAME = "$(TARGET_NAME)";
				SWIFT_EMIT_LOC_STRINGS = NO;
				SWIFT_VERSION = 5.0;
				TARGETED_DEVICE_FAMILY = "1,2";
				TEST_TARGET_NAME = "CRUD MVVM";
			};
			name = Release;
		};
/* End XCBuildConfiguration section */

/* Begin XCConfigurationList section */
		E6C7CA10281A940200D44104 /* Build configuration list for PBXProject "CRUD MVVM" */ = {
			isa = XCConfigurationList;
			buildConfigurations = (
				E6C7CA40281A940200D44104 /* Debug */,
				E6C7CA41281A940200D44104 /* Release */,
			);
			defaultConfigurationIsVisible = 0;
			defaultConfigurationName = Release;
		};
		E6C7CA42281A940200D44104 /* Build configuration list for PBXNativeTarget "CRUD MVVM" */ = {
			isa = XCConfigurationList;
			buildConfigurations = (
				E6C7CA43281A940200D44104 /* Debug */,
				E6C7CA44281A940200D44104 /* Release */,
			);
			defaultConfigurationIsVisible = 0;
			defaultConfigurationName = Release;
		};
		E6C7CA45281A940200D44104 /* Build configuration list for PBXNativeTarget "CRUD MVVMTests" */ = {
			isa = XCConfigurationList;
			buildConfigurations = (
				E6C7CA46281A940200D44104 /* Debug */,
				E6C7CA47281A940200D44104 /* Release */,
			);
			defaultConfigurationIsVisible = 0;
			defaultConfigurationName = Release;
		};
		E6C7CA48281A940200D44104 /* Build configuration list for PBXNativeTarget "CRUD MVVMUITests" */ = {
			isa = XCConfigurationList;
			buildConfigurations = (
				E6C7CA49281A940200D44104 /* Debug */,
				E6C7CA4A281A940200D44104 /* Release */,
			);
			defaultConfigurationIsVisible = 0;
			defaultConfigurationName = Release;
		};
/* End XCConfigurationList section */

/* Begin XCVersionGroup section */
		D358B00128246C6D00DDD682 /* CRUD_MVVM.xcdatamodeld */ = {
			isa = XCVersionGroup;
			children = (
				D358B00228246C6D00DDD682 /* CRUD_MVVM.xcdatamodel */,
			);
			currentVersion = D358B00228246C6D00DDD682 /* CRUD_MVVM.xcdatamodel */;
			path = CRUD_MVVM.xcdatamodeld;
			sourceTree = "<group>";
			versionGroupType = wrapper.xcdatamodel;
		};
/* End XCVersionGroup section */
	};
	rootObject = E6C7CA0D281A940200D44104 /* Project object */;
}
